
Microsoft Visual Studio Solution File, Format Version 12.00
# Visual Studio Version 17
VisualStudioVersion = 17.8.34330.188
MinimumVisualStudioVersion = 10.0.40219.1
Project("{FAE04EC0-301F-11D3-BF4B-00C04F79EFBC}") = "OOP", "OOP.csproj", "{DEF6FDC1-F432-4A8E-9509-1B9C2CB07224}"
EndProject
Global
	GlobalSection(SolutionConfigurationPlatforms) = preSolution
		Debug|Any CPU = Debug|Any CPU
		Release|Any CPU = Release|Any CPU
	EndGlobalSection
	GlobalSection(ProjectConfigurationPlatforms) = postSolution
		{DEF6FDC1-F432-4A8E-9509-1B9C2CB07224}.Debug|Any CPU.ActiveCfg = Debug|Any CPU
		{DEF6FDC1-F432-4A8E-9509-1B9C2CB07224}.Debug|Any CPU.Build.0 = Debug|Any CPU
		{DEF6FDC1-F432-4A8E-9509-1B9C2CB07224}.Release|Any CPU.ActiveCfg = Release|Any CPU
		{DEF6FDC1-F432-4A8E-9509-1B9C2CB07224}.Release|Any CPU.Build.0 = Release|Any CPU
	EndGlobalSection
	GlobalSection(SolutionProperties) = preSolution
		HideSolutionNode = FALSE
	EndGlobalSection
	GlobalSection(ExtensibilityGlobals) = postSolution
		SolutionGuid = {C939F03F-F049-45FD-993F-8EC42FB8A218}
	EndGlobalSection
EndGlobal
